
Microsoft Visual Studio Solution File, Format Version 12.00
# Visual Studio 15
VisualStudioVersion = 15.0.27703.1
MinimumVisualStudioVersion = 10.0.40219.1
Project("{2150E333-8FDC-42A3-9474-1A3956D46DE8}") = ".nuget", ".nuget", "{2F5240AD-2B4E-48A4-B9FC-7D19DACEF2CD}"
	ProjectSection(SolutionItems) = preProject
		nuget.config = nuget.config
	EndProjectSection
EndProject
Project("{2150E333-8FDC-42A3-9474-1A3956D46DE8}") = "Solution Items", "Solution Items", "{7B4F0131-D598-4692-9E2C-111E6C42C6AD}"
	ProjectSection(SolutionItems) = preProject
		.gitattributes = .gitattributes
		.gitignore = .gitignore
		CHANGELOG.md = CHANGELOG.md
		README.md = README.md
	EndProjectSection
EndProject
Project("{FAE04EC0-301F-11D3-BF4B-00C04F79EFBC}") = "PerfAnalyzers.Analyzers.Test", "test\CSharp\CodeCracker.Test\PerfAnalyzers.Analyzers.Test.csproj", "{F7843158-046E-4B22-95D7-CAC7BB01283D}"
EndProject
Project("{FAE04EC0-301F-11D3-BF4B-00C04F79EFBC}") = "PerfAnalyzers.Test.Common", "test\Common\CodeCracker.Test.Common\PerfAnalyzers.Test.Common.csproj", "{1CD1A3EE-28CE-404B-A59E-AEACF762D938}"
EndProject
Project("{FAE04EC0-301F-11D3-BF4B-00C04F79EFBC}") = "PerfAnalyzers.Analyzers", "src\PerfAnalyzers.Analyzers\PerfAnalyzers.Analyzers.csproj", "{9BDF9AFB-D20A-46B9-922C-A33D066795D8}"
EndProject
Project("{FAE04EC0-301F-11D3-BF4B-00C04F79EFBC}") = "PerfAnalyzers.Common", "src\PerfAnalyzers.Common\PerfAnalyzers.Common.csproj", "{A172989F-D517-4993-8CC0-322E0463EEB3}"
EndProject
Project("{FAE04EC0-301F-11D3-BF4B-00C04F79EFBC}") = "PerfAnalyzers.AttributeProcessor", "src\PerfAnalyzers.AttributeProcessor\PerfAnalyzers.AttributeProcessor.csproj", "{46E1341D-8F76-45A6-B1F4-DA3579B400EB}"
EndProject
Global
	GlobalSection(SolutionConfigurationPlatforms) = preSolution
		Debug|Any CPU = Debug|Any CPU
		DebugNoVsix|Any CPU = DebugNoVsix|Any CPU
		Release|Any CPU = Release|Any CPU
		ReleaseNoVsix|Any CPU = ReleaseNoVsix|Any CPU
	EndGlobalSection
	GlobalSection(ProjectConfigurationPlatforms) = postSolution
		{F7843158-046E-4B22-95D7-CAC7BB01283D}.Debug|Any CPU.ActiveCfg = Debug|Any CPU
		{F7843158-046E-4B22-95D7-CAC7BB01283D}.Debug|Any CPU.Build.0 = Debug|Any CPU
		{F7843158-046E-4B22-95D7-CAC7BB01283D}.DebugNoVsix|Any CPU.ActiveCfg = Debug|Any CPU
		{F7843158-046E-4B22-95D7-CAC7BB01283D}.DebugNoVsix|Any CPU.Build.0 = Debug|Any CPU
		{F7843158-046E-4B22-95D7-CAC7BB01283D}.Release|Any CPU.ActiveCfg = Release|Any CPU
		{F7843158-046E-4B22-95D7-CAC7BB01283D}.Release|Any CPU.Build.0 = Release|Any CPU
		{F7843158-046E-4B22-95D7-CAC7BB01283D}.ReleaseNoVsix|Any CPU.ActiveCfg = Release|Any CPU
		{F7843158-046E-4B22-95D7-CAC7BB01283D}.ReleaseNoVsix|Any CPU.Build.0 = Release|Any CPU
		{1CD1A3EE-28CE-404B-A59E-AEACF762D938}.Debug|Any CPU.ActiveCfg = Debug|Any CPU
		{1CD1A3EE-28CE-404B-A59E-AEACF762D938}.Debug|Any CPU.Build.0 = Debug|Any CPU
		{1CD1A3EE-28CE-404B-A59E-AEACF762D938}.DebugNoVsix|Any CPU.ActiveCfg = Debug|Any CPU
		{1CD1A3EE-28CE-404B-A59E-AEACF762D938}.DebugNoVsix|Any CPU.Build.0 = Debug|Any CPU
		{1CD1A3EE-28CE-404B-A59E-AEACF762D938}.Release|Any CPU.ActiveCfg = Release|Any CPU
		{1CD1A3EE-28CE-404B-A59E-AEACF762D938}.Release|Any CPU.Build.0 = Release|Any CPU
		{1CD1A3EE-28CE-404B-A59E-AEACF762D938}.ReleaseNoVsix|Any CPU.ActiveCfg = Release|Any CPU
		{1CD1A3EE-28CE-404B-A59E-AEACF762D938}.ReleaseNoVsix|Any CPU.Build.0 = Release|Any CPU
		{9BDF9AFB-D20A-46B9-922C-A33D066795D8}.Debug|Any CPU.ActiveCfg = Debug|Any CPU
		{9BDF9AFB-D20A-46B9-922C-A33D066795D8}.Debug|Any CPU.Build.0 = Debug|Any CPU
		{9BDF9AFB-D20A-46B9-922C-A33D066795D8}.DebugNoVsix|Any CPU.ActiveCfg = Debug|Any CPU
		{9BDF9AFB-D20A-46B9-922C-A33D066795D8}.DebugNoVsix|Any CPU.Build.0 = Debug|Any CPU
		{9BDF9AFB-D20A-46B9-922C-A33D066795D8}.Release|Any CPU.ActiveCfg = Release|Any CPU
		{9BDF9AFB-D20A-46B9-922C-A33D066795D8}.Release|Any CPU.Build.0 = Release|Any CPU
		{9BDF9AFB-D20A-46B9-922C-A33D066795D8}.ReleaseNoVsix|Any CPU.ActiveCfg = Release|Any CPU
		{9BDF9AFB-D20A-46B9-922C-A33D066795D8}.ReleaseNoVsix|Any CPU.Build.0 = Release|Any CPU
		{A172989F-D517-4993-8CC0-322E0463EEB3}.Debug|Any CPU.ActiveCfg = Debug|Any CPU
		{A172989F-D517-4993-8CC0-322E0463EEB3}.Debug|Any CPU.Build.0 = Debug|Any CPU
		{A172989F-D517-4993-8CC0-322E0463EEB3}.DebugNoVsix|Any CPU.ActiveCfg = Debug|Any CPU
		{A172989F-D517-4993-8CC0-322E0463EEB3}.DebugNoVsix|Any CPU.Build.0 = Debug|Any CPU
		{A172989F-D517-4993-8CC0-322E0463EEB3}.Release|Any CPU.ActiveCfg = Release|Any CPU
		{A172989F-D517-4993-8CC0-322E0463EEB3}.Release|Any CPU.Build.0 = Release|Any CPU
		{A172989F-D517-4993-8CC0-322E0463EEB3}.ReleaseNoVsix|Any CPU.ActiveCfg = Release|Any CPU
		{A172989F-D517-4993-8CC0-322E0463EEB3}.ReleaseNoVsix|Any CPU.Build.0 = Release|Any CPU
		{46E1341D-8F76-45A6-B1F4-DA3579B400EB}.Debug|Any CPU.ActiveCfg = Debug|Any CPU
		{46E1341D-8F76-45A6-B1F4-DA3579B400EB}.Debug|Any CPU.Build.0 = Debug|Any CPU
		{46E1341D-8F76-45A6-B1F4-DA3579B400EB}.DebugNoVsix|Any CPU.ActiveCfg = Debug|Any CPU
		{46E1341D-8F76-45A6-B1F4-DA3579B400EB}.DebugNoVsix|Any CPU.Build.0 = Debug|Any CPU
		{46E1341D-8F76-45A6-B1F4-DA3579B400EB}.Release|Any CPU.ActiveCfg = Release|Any CPU
		{46E1341D-8F76-45A6-B1F4-DA3579B400EB}.Release|Any CPU.Build.0 = Release|Any CPU
		{46E1341D-8F76-45A6-B1F4-DA3579B400EB}.ReleaseNoVsix|Any CPU.ActiveCfg = Release|Any CPU
		{46E1341D-8F76-45A6-B1F4-DA3579B400EB}.ReleaseNoVsix|Any CPU.Build.0 = Release|Any CPU
	EndGlobalSection
	GlobalSection(SolutionProperties) = preSolution
		HideSolutionNode = FALSE
	EndGlobalSection
	GlobalSection(ExtensibilityGlobals) = postSolution
		SolutionGuid = {B25E2662-A56E-40CF-908A-EA63D1652E56}
	EndGlobalSection
EndGlobal
